
Microsoft Visual Studio Solution File, Format Version 12.00
# Visual Studio 15
VisualStudioVersion = 15.0.27130.2003
MinimumVisualStudioVersion = 10.0.40219.1
Project("{FAE04EC0-301F-11D3-BF4B-00C04F79EFBC}") = "M2_ZooRace", "M2_ZooRace\M2_ZooRace.csproj", "{6C437231-88C0-40BD-B772-4959A33E2568}"
EndProject
Global
	GlobalSection(SolutionConfigurationPlatforms) = preSolution
		Debug|Any CPU = Debug|Any CPU
		Release|Any CPU = Release|Any CPU
	EndGlobalSection
	GlobalSection(ProjectConfigurationPlatforms) = postSolution
		{6C437231-88C0-40BD-B772-4959A33E2568}.Debug|Any CPU.ActiveCfg = Debug|Any CPU
		{6C437231-88C0-40BD-B772-4959A33E2568}.Debug|Any CPU.Build.0 = Debug|Any CPU
		{6C437231-88C0-40BD-B772-4959A33E2568}.Release|Any CPU.ActiveCfg = Release|Any CPU
		{6C437231-88C0-40BD-B772-4959A33E2568}.Release|Any CPU.Build.0 = Release|Any CPU
	EndGlobalSection
	GlobalSection(SolutionProperties) = preSolution
		HideSolutionNode = FALSE
	EndGlobalSection
	GlobalSection(ExtensibilityGlobals) = postSolution
		SolutionGuid = {020D12CA-73F0-46E3-861B-15E8EB40219C}
	EndGlobalSection
EndGlobal
